{
  "requires": true,
  "lockfileVersion": 1,
  "dependencies": {
    "@tensorflow/tfjs-tsne": {
      "version": "0.2.0",
      "resolved": "https://registry.npmjs.org/@tensorflow/tfjs-tsne/-/tfjs-tsne-0.2.0.tgz",
      "integrity": "sha512-U/28axD+n822Vbpip4XzgZR4QGoNsb5N28a3ZEmJfsn5vvFQNz7q9vcZKCZL3Rs03DH1PbGtq5dSBZUrsVU/wg=="
    }
  }
}
